// !$*UTF8*$!
{
	archiveVersion = 1;
	classes = {
	};
	objectVersion = 50;
	objects = {

/* Begin PBXBuildFile section */
		84364BF5223B7AB6007947C1 /* AppTacheSDK.plist in Resources */ = {isa = PBXBuildFile; fileRef = 84364BF4223B7AB6007947C1 /* AppTacheSDK.plist */; };
		84A9139D2148ED0F00D80E63 /* AppDelegate.m in Sources */ = {isa = PBXBuildFile; fileRef = 84A9139C2148ED0F00D80E63 /* AppDelegate.m */; };
		84A913A02148ED0F00D80E63 /* ViewController.m in Sources */ = {isa = PBXBuildFile; fileRef = 84A9139F2148ED0F00D80E63 /* ViewController.m */; };
		84A913A32148ED0F00D80E63 /* Main.storyboard in Resources */ = {isa = PBXBuildFile; fileRef = 84A913A12148ED0F00D80E63 /* Main.storyboard */; };
		84A913A52148ED1000D80E63 /* Assets.xcassets in Resources */ = {isa = PBXBuildFile; fileRef = 84A913A42148ED1000D80E63 /* Assets.xcassets */; };
		84A913A82148ED1000D80E63 /* LaunchScreen.storyboard in Resources */ = {isa = PBXBuildFile; fileRef = 84A913A62148ED1000D80E63 /* LaunchScreen.storyboard */; };
		84A913AB2148ED1000D80E63 /* main.m in Sources */ = {isa = PBXBuildFile; fileRef = 84A913AA2148ED1000D80E63 /* main.m */; };
		84AFD2E02160BC6C00FEC60E /* AppTacheSDK.framework in Frameworks */ = {isa = PBXBuildFile; fileRef = 84AFD28C2160BC6C00FEC60E /* AppTacheSDK.framework */; };
		84AFD2E12160BC6C00FEC60E /* AppTacheSDK.bundle in Resources */ = {isa = PBXBuildFile; fileRef = 84AFD28D2160BC6C00FEC60E /* AppTacheSDK.bundle */; };
		84F2DC96216B507C003C3F27 /* SVProgressHUD.bundle in Resources */ = {isa = PBXBuildFile; fileRef = 84F2DC94216B507C003C3F27 /* SVProgressHUD.bundle */; };
		84F2DC97216B507C003C3F27 /* IQKeyboardManager.bundle in Resources */ = {isa = PBXBuildFile; fileRef = 84F2DC95216B507C003C3F27 /* IQKeyboardManager.bundle */; };
/* End PBXBuildFile section */

/* Begin PBXFileReference section */
		84364BF4223B7AB6007947C1 /* AppTacheSDK.plist */ = {isa = PBXFileReference; lastKnownFileType = file.bplist; path = AppTacheSDK.plist; sourceTree = "<group>"; };
		84A913982148ED0F00D80E63 /* AppTache.app */ = {isa = PBXFileReference; explicitFileType = wrapper.application; includeInIndex = 0; path = AppTache.app; sourceTree = BUILT_PRODUCTS_DIR; };
		84A9139B2148ED0F00D80E63 /* AppDelegate.h */ = {isa = PBXFileReference; lastKnownFileType = sourcecode.c.h; path = AppDelegate.h; sourceTree = "<group>"; };
		84A9139C2148ED0F00D80E63 /* AppDelegate.m */ = {isa = PBXFileReference; lastKnownFileType = sourcecode.c.objc; path = AppDelegate.m; sourceTree = "<group>"; };
		84A9139E2148ED0F00D80E63 /* ViewController.h */ = {isa = PBXFileReference; lastKnownFileType = sourcecode.c.h; path = ViewController.h; sourceTree = "<group>"; };
		84A9139F2148ED0F00D80E63 /* ViewController.m */ = {isa = PBXFileReference; lastKnownFileType = sourcecode.c.objc; path = ViewController.m; sourceTree = "<group>"; };
		84A913A22148ED0F00D80E63 /* Base */ = {isa = PBXFileReference; lastKnownFileType = file.storyboard; name = Base; path = Base.lproj/Main.storyboard; sourceTree = "<group>"; };
		84A913A42148ED1000D80E63 /* Assets.xcassets */ = {isa = PBXFileReference; lastKnownFileType = folder.assetcatalog; path = Assets.xcassets; sourceTree = "<group>"; };
		84A913A72148ED1000D80E63 /* Base */ = {isa = PBXFileReference; lastKnownFileType = file.storyboard; name = Base; path = Base.lproj/LaunchScreen.storyboard; sourceTree = "<group>"; };
		84A913A92148ED1000D80E63 /* Info.plist */ = {isa = PBXFileReference; lastKnownFileType = text.plist.xml; path = Info.plist; sourceTree = "<group>"; };
		84A913AA2148ED1000D80E63 /* main.m */ = {isa = PBXFileReference; lastKnownFileType = sourcecode.c.objc; path = main.m; sourceTree = "<group>"; };
		84AFD28C2160BC6C00FEC60E /* AppTacheSDK.framework */ = {isa = PBXFileReference; lastKnownFileType = wrapper.framework; path = AppTacheSDK.framework; sourceTree = "<group>"; };
		84AFD28D2160BC6C00FEC60E /* AppTacheSDK.bundle */ = {isa = PBXFileReference; lastKnownFileType = "wrapper.plug-in"; path = AppTacheSDK.bundle; sourceTree = "<group>"; };
		84F2DC94216B507C003C3F27 /* SVProgressHUD.bundle */ = {isa = PBXFileReference; lastKnownFileType = "wrapper.plug-in"; path = SVProgressHUD.bundle; sourceTree = "<group>"; };
		84F2DC95216B507C003C3F27 /* IQKeyboardManager.bundle */ = {isa = PBXFileReference; lastKnownFileType = "wrapper.plug-in"; path = IQKeyboardManager.bundle; sourceTree = "<group>"; };
/* End PBXFileReference section */

/* Begin PBXFrameworksBuildPhase section */
		84A913952148ED0F00D80E63 /* Frameworks */ = {
			isa = PBXFrameworksBuildPhase;
			buildActionMask = 2147483647;
			files = (
				84AFD2E02160BC6C00FEC60E /* AppTacheSDK.framework in Frameworks */,
			);
			runOnlyForDeploymentPostprocessing = 0;
		};
/* End PBXFrameworksBuildPhase section */

/* Begin PBXGroup section */
		842B3FA9215A45ED00AA49A5 /* Frameworks */ = {
			isa = PBXGroup;
			children = (
			);
			name = Frameworks;
			sourceTree = "<group>";
		};
		84A9138F2148ED0F00D80E63 = {
			isa = PBXGroup;
			children = (
				84A9139A2148ED0F00D80E63 /* AppTache */,
				84A913992148ED0F00D80E63 /* Products */,
				842B3FA9215A45ED00AA49A5 /* Frameworks */,
			);
			sourceTree = "<group>";
		};
		84A913992148ED0F00D80E63 /* Products */ = {
			isa = PBXGroup;
			children = (
				84A913982148ED0F00D80E63 /* AppTache.app */,
			);
			name = Products;
			sourceTree = "<group>";
		};
		84A9139A2148ED0F00D80E63 /* AppTache */ = {
			isa = PBXGroup;
			children = (
				84AFD28B2160BC6C00FEC60E /* AppTacheSDK */,
				84A9139B2148ED0F00D80E63 /* AppDelegate.h */,
				84A9139C2148ED0F00D80E63 /* AppDelegate.m */,
				84A9139E2148ED0F00D80E63 /* ViewController.h */,
				84A9139F2148ED0F00D80E63 /* ViewController.m */,
				84A913A12148ED0F00D80E63 /* Main.storyboard */,
				84A913A42148ED1000D80E63 /* Assets.xcassets */,
				84A913A62148ED1000D80E63 /* LaunchScreen.storyboard */,
				84A913A92148ED1000D80E63 /* Info.plist */,
				84A913AA2148ED1000D80E63 /* main.m */,
			);
			path = AppTache;
			sourceTree = "<group>";
		};
		84AFD28B2160BC6C00FEC60E /* AppTacheSDK */ = {
			isa = PBXGroup;
			children = (
				84364BF4223B7AB6007947C1 /* AppTacheSDK.plist */,
				84AFD28C2160BC6C00FEC60E /* AppTacheSDK.framework */,
				84F2DC95216B507C003C3F27 /* IQKeyboardManager.bundle */,
				84F2DC94216B507C003C3F27 /* SVProgressHUD.bundle */,
				84AFD28D2160BC6C00FEC60E /* AppTacheSDK.bundle */,
			);
			path = AppTacheSDK;
			sourceTree = "<group>";
		};
/* End PBXGroup section */

/* Begin PBXNativeTarget section */
		84A913972148ED0F00D80E63 /* AppTache */ = {
			isa = PBXNativeTarget;
			buildConfigurationList = 84A913AE2148ED1000D80E63 /* Build configuration list for PBXNativeTarget "AppTache" */;
			buildPhases = (
				84A913942148ED0F00D80E63 /* Sources */,
				84A913952148ED0F00D80E63 /* Frameworks */,
				84A913962148ED0F00D80E63 /* Resources */,
			);
			buildRules = (
			);
			dependencies = (
			);
			name = AppTache;
			productName = AppTache;
			productReference = 84A913982148ED0F00D80E63 /* AppTache.app */;
			productType = "com.apple.product-type.application";
		};
/* End PBXNativeTarget section */

/* Begin PBXProject section */
		84A913902148ED0F00D80E63 /* Project object */ = {
			isa = PBXProject;
			attributes = {
				CLASSPREFIX = TS;
				LastUpgradeCheck = 0940;
				ORGANIZATIONNAME = com.apptache;
				TargetAttributes = {
					84A913972148ED0F00D80E63 = {
						CreatedOnToolsVersion = 9.4.1;
						SystemCapabilities = {
							com.apple.InAppPurchase = {
								enabled = 0;
							};
						};
					};
				};
			};
			buildConfigurationList = 84A913932148ED0F00D80E63 /* Build configuration list for PBXProject "AppTache" */;
			compatibilityVersion = "Xcode 9.3";
			developmentRegion = en;
			hasScannedForEncodings = 0;
			knownRegions = (
				en,
				Base,
			);
			mainGroup = 84A9138F2148ED0F00D80E63;
			productRefGroup = 84A913992148ED0F00D80E63 /* Products */;
			projectDirPath = "";
			projectRoot = "";
			targets = (
				84A913972148ED0F00D80E63 /* AppTache */,
			);
		};
/* End PBXProject section */

/* Begin PBXResourcesBuildPhase section */
		84A913962148ED0F00D80E63 /* Resources */ = {
			isa = PBXResourcesBuildPhase;
			buildActionMask = 2147483647;
			files = (
				84F2DC97216B507C003C3F27 /* IQKeyboardManager.bundle in Resources */,
				84AFD2E12160BC6C00FEC60E /* AppTacheSDK.bundle in Resources */,
				84A913A52148ED1000D80E63 /* Assets.xcassets in Resources */,
				84A913A82148ED1000D80E63 /* LaunchScreen.storyboard in Resources */,
				84364BF5223B7AB6007947C1 /* AppTacheSDK.plist in Resources */,
				84A913A32148ED0F00D80E63 /* Main.storyboard in Resources */,
				84F2DC96216B507C003C3F27 /* SVProgressHUD.bundle in Resources */,
			);
			runOnlyForDeploymentPostprocessing = 0;
		};
/* End PBXResourcesBuildPhase section */

/* Begin PBXSourcesBuildPhase section */
		84A913942148ED0F00D80E63 /* Sources */ = {
			isa = PBXSourcesBuildPhase;
			buildActionMask = 2147483647;
			files = (
				84A913A02148ED0F00D80E63 /* ViewController.m in Sources */,
				84A913AB2148ED1000D80E63 /* main.m in Sources */,
				84A9139D2148ED0F00D80E63 /* AppDelegate.m in Sources */,
			);
			runOnlyForDeploymentPostprocessing = 0;
		};
/* End PBXSourcesBuildPhase section */

/* Begin PBXVariantGroup section */
		84A913A12148ED0F00D80E63 /* Main.storyboard */ = {
			isa = PBXVariantGroup;
			children = (
				84A913A22148ED0F00D80E63 /* Base */,
			);
			name = Main.storyboard;
			sourceTree = "<group>";
		};
		84A913A62148ED1000D80E63 /* LaunchScreen.storyboard */ = {
			isa = PBXVariantGroup;
			children = (
				84A913A72148ED1000D80E63 /* Base */,
			);
			name = LaunchScreen.storyboard;
			sourceTree = "<group>";
		};
/* End PBXVariantGroup section */

/* Begin XCBuildConfiguration section */
		84A913AC2148ED1000D80E63 /* Debug */ = {
			isa = XCBuildConfiguration;
			buildSettings = {
				ALWAYS_SEARCH_USER_PATHS = NO;
				CLANG_ANALYZER_NONNULL = YES;
				CLANG_ANALYZER_NUMBER_OBJECT_CONVERSION = YES_AGGRESSIVE;
				CLANG_CXX_LANGUAGE_STANDARD = "gnu++14";
				CLANG_CXX_LIBRARY = "libc++";
				CLANG_ENABLE_MODULES = YES;
				CLANG_ENABLE_OBJC_ARC = YES;
				CLANG_ENABLE_OBJC_WEAK = YES;
				CLANG_WARN_BLOCK_CAPTURE_AUTORELEASING = YES;
				CLANG_WARN_BOOL_CONVERSION = YES;
				CLANG_WARN_COMMA = YES;
				CLANG_WARN_CONSTANT_CONVERSION = YES;
				CLANG_WARN_DEPRECATED_OBJC_IMPLEMENTATIONS = YES;
				CLANG_WARN_DIRECT_OBJC_ISA_USAGE = YES_ERROR;
				CLANG_WARN_DOCUMENTATION_COMMENTS = YES;
				CLANG_WARN_EMPTY_BODY = YES;
				CLANG_WARN_ENUM_CONVERSION = YES;
				CLANG_WARN_INFINITE_RECURSION = YES;
				CLANG_WARN_INT_CONVERSION = YES;
				CLANG_WARN_NON_LITERAL_NULL_CONVERSION = YES;
				CLANG_WARN_OBJC_IMPLICIT_RETAIN_SELF = YES;
				CLANG_WARN_OBJC_LITERAL_CONVERSION = YES;
				CLANG_WARN_OBJC_ROOT_CLASS = YES_ERROR;
				CLANG_WARN_RANGE_LOOP_ANALYSIS = YES;
				CLANG_WARN_STRICT_PROTOTYPES = YES;
				CLANG_WARN_SUSPICIOUS_MOVE = YES;
				CLANG_WARN_UNGUARDED_AVAILABILITY = YES_AGGRESSIVE;
				CLANG_WARN_UNREACHABLE_CODE = YES;
				CLANG_WARN__DUPLICATE_METHOD_MATCH = YES;
				CODE_SIGN_IDENTITY = "iPhone Developer";
				COPY_PHASE_STRIP = NO;
				DEBUG_INFORMATION_FORMAT = dwarf;
				ENABLE_STRICT_OBJC_MSGSEND = YES;
				ENABLE_TESTABILITY = YES;
				GCC_C_LANGUAGE_STANDARD = gnu11;
				GCC_DYNAMIC_NO_PIC = NO;
				GCC_NO_COMMON_BLOCKS = YES;
				GCC_OPTIMIZATION_LEVEL = 0;
				GCC_PREPROCESSOR_DEFINITIONS = (
					"DEBUG=1",
					"$(inherited)",
				);
				GCC_WARN_64_TO_32_BIT_CONVERSION = YES;
				GCC_WARN_ABOUT_RETURN_TYPE = YES_ERROR;
				GCC_WARN_UNDECLARED_SELECTOR = YES;
				GCC_WARN_UNINITIALIZED_AUTOS = YES_AGGRESSIVE;
				GCC_WARN_UNUSED_FUNCTION = YES;
				GCC_WARN_UNUSED_VARIABLE = YES;
				IPHONEOS_DEPLOYMENT_TARGET = 11.4;
				MTL_ENABLE_DEBUG_INFO = YES;
				ONLY_ACTIVE_ARCH = YES;
				SDKROOT = iphoneos;
			};
			name = Debug;
		};
		84A913AD2148ED1000D80E63 /* Release */ = {
			isa = XCBuildConfiguration;
			buildSettings = {
				ALWAYS_SEARCH_USER_PATHS = NO;
				CLANG_ANALYZER_NONNULL = YES;
				CLANG_ANALYZER_NUMBER_OBJECT_CONVERSION = YES_AGGRESSIVE;
				CLANG_CXX_LANGUAGE_STANDARD = "gnu++14";
				CLANG_CXX_LIBRARY = "libc++";
				CLANG_ENABLE_MODULES = YES;
				CLANG_ENABLE_OBJC_ARC = YES;
				CLANG_ENABLE_OBJC_WEAK = YES;
				CLANG_WARN_BLOCK_CAPTURE_AUTORELEASING = YES;
				CLANG_WARN_BOOL_CONVERSION = YES;
				CLANG_WARN_COMMA = YES;
				CLANG_WARN_CONSTANT_CONVERSION = YES;
				CLANG_WARN_DEPRECATED_OBJC_IMPLEMENTATIONS = YES;
				CLANG_WARN_DIRECT_OBJC_ISA_USAGE = YES_ERROR;
				CLANG_WARN_DOCUMENTATION_COMMENTS = YES;
				CLANG_WARN_EMPTY_BODY = YES;
				CLANG_WARN_ENUM_CONVERSION = YES;
				CLANG_WARN_INFINITE_RECURSION = YES;
				CLANG_WARN_INT_CONVERSION = YES;
				CLANG_WARN_NON_LITERAL_NULL_CONVERSION = YES;
				CLANG_WARN_OBJC_IMPLICIT_RETAIN_SELF = YES;
				CLANG_WARN_OBJC_LITERAL_CONVERSION = YES;
				CLANG_WARN_OBJC_ROOT_CLASS = YES_ERROR;
				CLANG_WARN_RANGE_LOOP_ANALYSIS = YES;
				CLANG_WARN_STRICT_PROTOTYPES = YES;
				CLANG_WARN_SUSPICIOUS_MOVE = YES;
				CLANG_WARN_UNGUARDED_AVAILABILITY = YES_AGGRESSIVE;
				CLANG_WARN_UNREACHABLE_CODE = YES;
				CLANG_WARN__DUPLICATE_METHOD_MATCH = YES;
				CODE_SIGN_IDENTITY = "iPhone Developer";
				COPY_PHASE_STRIP = NO;
				DEBUG_INFORMATION_FORMAT = "dwarf-with-dsym";
				ENABLE_NS_ASSERTIONS = NO;
				ENABLE_STRICT_OBJC_MSGSEND = YES;
				GCC_C_LANGUAGE_STANDARD = gnu11;
				GCC_NO_COMMON_BLOCKS = YES;
				GCC_WARN_64_TO_32_BIT_CONVERSION = YES;
				GCC_WARN_ABOUT_RETURN_TYPE = YES_ERROR;
				GCC_WARN_UNDECLARED_SELECTOR = YES;
				GCC_WARN_UNINITIALIZED_AUTOS = YES_AGGRESSIVE;
				GCC_WARN_UNUSED_FUNCTION = YES;
				GCC_WARN_UNUSED_VARIABLE = YES;
				IPHONEOS_DEPLOYMENT_TARGET = 11.4;
				MTL_ENABLE_DEBUG_INFO = NO;
				SDKROOT = iphoneos;
				VALIDATE_PRODUCT = YES;
			};
			name = Release;
		};
		84A913AF2148ED1000D80E63 /* Debug */ = {
			isa = XCBuildConfiguration;
			buildSettings = {
				ASSETCATALOG_COMPILER_APPICON_NAME = AppIcon;
				CODE_SIGN_IDENTITY = "iPhone Developer";
				CODE_SIGN_STYLE = Automatic;
				DEVELOPMENT_TEAM = 377TWHQDKJ;
				ENABLE_BITCODE = NO;
				FRAMEWORK_SEARCH_PATHS = (
					"$(inherited)",
					"$(PROJECT_DIR)/AppTache/AppTacheSDK",
				);
				GCC_PREFIX_HEADER = "";
				INFOPLIST_FILE = AppTache/Info.plist;
				IPHONEOS_DEPLOYMENT_TARGET = 8.0;
				LD_RUNPATH_SEARCH_PATHS = (
					"$(inherited)",
					"@executable_path/Frameworks",
				);
				OTHER_LDFLAGS = "-ObjC";
				PRODUCT_BUNDLE_IDENTIFIER = com.apptache.AppTache;
				PRODUCT_NAME = "$(TARGET_NAME)";
				PROVISIONING_PROFILE = "";
				PROVISIONING_PROFILE_SPECIFIER = "";
				TARGETED_DEVICE_FAMILY = "1,2";
			};
			name = Debug;
		};
		84A913B02148ED1000D80E63 /* Release */ = {
			isa = XCBuildConfiguration;
			buildSettings = {
				ASSETCATALOG_COMPILER_APPICON_NAME = AppIcon;
				CODE_SIGN_IDENTITY = "iPhone Developer";
				CODE_SIGN_STYLE = Automatic;
				DEVELOPMENT_TEAM = 377TWHQDKJ;
				ENABLE_BITCODE = NO;
				FRAMEWORK_SEARCH_PATHS = (
					"$(inherited)",
					"$(PROJECT_DIR)/AppTache/AppTacheSDK",
				);
				GCC_PREFIX_HEADER = "";
				INFOPLIST_FILE = AppTache/Info.plist;
				IPHONEOS_DEPLOYMENT_TARGET = 8.0;
				LD_RUNPATH_SEARCH_PATHS = (
					"$(inherited)",
					"@executable_path/Frameworks",
				);
				OTHER_LDFLAGS = "-ObjC";
				PRODUCT_BUNDLE_IDENTIFIER = com.apptache.AppTache;
				PRODUCT_NAME = "$(TARGET_NAME)";
				PROVISIONING_PROFILE = "";
				PROVISIONING_PROFILE_SPECIFIER = "";
				TARGETED_DEVICE_FAMILY = "1,2";
			};
			name = Release;
		};
/* End XCBuildConfiguration section */

/* Begin XCConfigurationList section */
		84A913932148ED0F00D80E63 /* Build configuration list for PBXProject "AppTache" */ = {
			isa = XCConfigurationList;
			buildConfigurations = (
				84A913AC2148ED1000D80E63 /* Debug */,
				84A913AD2148ED1000D80E63 /* Release */,
			);
			defaultConfigurationIsVisible = 0;
			defaultConfigurationName = Release;
		};
		84A913AE2148ED1000D80E63 /* Build configuration list for PBXNativeTarget "AppTache" */ = {
			isa = XCConfigurationList;
			buildConfigurations = (
				84A913AF2148ED1000D80E63 /* Debug */,
				84A913B02148ED1000D80E63 /* Release */,
			);
			defaultConfigurationIsVisible = 0;
			defaultConfigurationName = Release;
		};
/* End XCConfigurationList section */
	};
	rootObject = 84A913902148ED0F00D80E63 /* Project object */;
}
